
Microsoft Visual Studio Solution File, Format Version 12.00
# Visual Studio 15
VisualStudioVersion = 15.0.27703.2047
MinimumVisualStudioVersion = 10.0.40219.1
Project("{FAE04EC0-301F-11D3-BF4B-00C04F79EFBC}") = "Islands", "Islands\Islands.csproj", "{49A254DB-D093-4681-BE05-37D2DD0DB57C}"
EndProject
Global
	GlobalSection(SolutionConfigurationPlatforms) = preSolution
		Debug|Any CPU = Debug|Any CPU
		Release|Any CPU = Release|Any CPU
	EndGlobalSection
	GlobalSection(ProjectConfigurationPlatforms) = postSolution
		{49A254DB-D093-4681-BE05-37D2DD0DB57C}.Debug|Any CPU.ActiveCfg = Debug|Any CPU
		{49A254DB-D093-4681-BE05-37D2DD0DB57C}.Debug|Any CPU.Build.0 = Debug|Any CPU
		{49A254DB-D093-4681-BE05-37D2DD0DB57C}.Release|Any CPU.ActiveCfg = Release|Any CPU
		{49A254DB-D093-4681-BE05-37D2DD0DB57C}.Release|Any CPU.Build.0 = Release|Any CPU
	EndGlobalSection
	GlobalSection(SolutionProperties) = preSolution
		HideSolutionNode = FALSE
	EndGlobalSection
	GlobalSection(ExtensibilityGlobals) = postSolution
		SolutionGuid = {2710B83A-80B1-4B76-9053-B9654D244938}
	EndGlobalSection
EndGlobal
